
Microsoft Visual Studio Solution File, Format Version 11.00
# Visual Studio 2010
Project("{FAE04EC0-301F-11D3-BF4B-00C04F79EFBC}") = "Controller", "Controller\Controller.csproj", "{70349C1A-3560-4C83-A9E6-91D4C1A3DDD5}"
EndProject
Project("{FAE04EC0-301F-11D3-BF4B-00C04F79EFBC}") = "TestDemo", "TestDemo\TestDemo.csproj", "{3041948C-6DC3-4B2B-A605-645655D4C523}"
EndProject
Global
	GlobalSection(SolutionConfigurationPlatforms) = preSolution
		Debug|Any CPU = Debug|Any CPU
		Debug|Mixed Platforms = Debug|Mixed Platforms
		Debug|x86 = Debug|x86
		Release|Any CPU = Release|Any CPU
		Release|Mixed Platforms = Release|Mixed Platforms
		Release|x86 = Release|x86
	EndGlobalSection
	GlobalSection(ProjectConfigurationPlatforms) = postSolution
		{70349C1A-3560-4C83-A9E6-91D4C1A3DDD5}.Debug|Any CPU.ActiveCfg = Debug|Any CPU
		{70349C1A-3560-4C83-A9E6-91D4C1A3DDD5}.Debug|Any CPU.Build.0 = Debug|Any CPU
		{70349C1A-3560-4C83-A9E6-91D4C1A3DDD5}.Debug|Mixed Platforms.ActiveCfg = Debug|Any CPU
		{70349C1A-3560-4C83-A9E6-91D4C1A3DDD5}.Debug|Mixed Platforms.Build.0 = Debug|Any CPU
		{70349C1A-3560-4C83-A9E6-91D4C1A3DDD5}.Debug|x86.ActiveCfg = Debug|Any CPU
		{70349C1A-3560-4C83-A9E6-91D4C1A3DDD5}.Release|Any CPU.ActiveCfg = Release|Any CPU
		{70349C1A-3560-4C83-A9E6-91D4C1A3DDD5}.Release|Any CPU.Build.0 = Release|Any CPU
		{70349C1A-3560-4C83-A9E6-91D4C1A3DDD5}.Release|Mixed Platforms.ActiveCfg = Release|Any CPU
		{70349C1A-3560-4C83-A9E6-91D4C1A3DDD5}.Release|Mixed Platforms.Build.0 = Release|Any CPU
		{70349C1A-3560-4C83-A9E6-91D4C1A3DDD5}.Release|x86.ActiveCfg = Release|Any CPU
		{3041948C-6DC3-4B2B-A605-645655D4C523}.Debug|Any CPU.ActiveCfg = Debug|x86
		{3041948C-6DC3-4B2B-A605-645655D4C523}.Debug|Mixed Platforms.ActiveCfg = Debug|x86
		{3041948C-6DC3-4B2B-A605-645655D4C523}.Debug|Mixed Platforms.Build.0 = Debug|x86
		{3041948C-6DC3-4B2B-A605-645655D4C523}.Debug|x86.ActiveCfg = Debug|x86
		{3041948C-6DC3-4B2B-A605-645655D4C523}.Debug|x86.Build.0 = Debug|x86
		{3041948C-6DC3-4B2B-A605-645655D4C523}.Release|Any CPU.ActiveCfg = Release|x86
		{3041948C-6DC3-4B2B-A605-645655D4C523}.Release|Mixed Platforms.ActiveCfg = Release|x86
		{3041948C-6DC3-4B2B-A605-645655D4C523}.Release|Mixed Platforms.Build.0 = Release|x86
		{3041948C-6DC3-4B2B-A605-645655D4C523}.Release|x86.ActiveCfg = Release|x86
		{3041948C-6DC3-4B2B-A605-645655D4C523}.Release|x86.Build.0 = Release|x86
	EndGlobalSection
	GlobalSection(SolutionProperties) = preSolution
		HideSolutionNode = FALSE
	EndGlobalSection
EndGlobal
